{
  "version": 4,
  "terraform_version": "1.16.2",
  "serial": 1,
  "lineage": "be90f61a-32b9-7664-991c-fd786d074984",
  "outputs": {},
  "resources": [
    {
      "mode": "managed",
      "type": "aws_vpc",
      "name": "vpc_aula",
      "provider": "provider[\"registry.terraform.io/hashicorp/aws\"]",
      "instances": [
        {
          "schema_version": 1,
          "attributes": {
            "arn": "arn:aws:ec2:us-east-1:267636056084:vpc/vpc-0dec70a138790620b",
            "assign_generated_ipv6_cidr_block": false,
            "cidr_block": "10.10.0.0/16",
            "default_network_acl_id": "acl-04f3b359885b45d70",
            "default_route_table_id": "rtb-0f1d40bda209206e6",
            "default_security_group_id": "sg-0f7ebf6c9a2069722",
            "dhcp_options_id": "dopt-0c63c05c8992fe673",
            "enable_dns_hostnames": false,
            "enable_dns_support": true,
            "enable_network_address_usage_metrics": false,
            "id": "vpc-0dec70a138790620b",
            "instance_tenancy": "default",
            "ipv4_ipam_pool_id": null,
            "ipv4_netmask_length": null,
            "ipv6_association_id": "",
            "ipv6_cidr_block": "",
            "ipv6_cidr_block_network_border_group": "",
            "ipv6_ipam_pool_id": "",
            "ipv6_netmask_length": 0,
            "main_route_table_id": "rtb-0f1d40bda209206e6",
            "owner_id": "267636056084",
            "region": "us-east-1",
            "tags": {
              "Entorno": "DEV",
              "Name": "vpc-aula"
            },
            "tags_all": {
              "Entorno": "DEV",
              "Name": "vpc-aula"
            }
          },
          "sensitive_attributes": [],
          "identity_schema_version": 0,
          "identity": {
            "account_id": "267636056084",
            "id": "vpc-0dec70a138790620b",
            "region": "us-east-1"
          },
          "private": "eyJzY2hlbWFfdmVyc2lvbiI6IjEifQ=="
        }
      ]
    }
  ],
  "check_results": null
}
