{
  "version": 4,
  "terraform_version": "1.16.2",
  "serial": 2,
  "lineage": "b3ae0fe7-18c6-d36d-2eb1-5176fc0ce163",
  "outputs": {
    "vpc_cidr": {
      "value": "10.30.0.0/16",
      "type": "string"
    },
    "vpc_id": {
      "value": "vpc-0f031f4066610fb51",
      "type": "string"
    }
  },
  "resources": [
    {
      "mode": "managed",
      "type": "aws_vpc",
      "name": "vpc_aula",
      "provider": "provider[\"registry.terraform.io/hashicorp/aws\"]",
      "instances": [
        {
          "schema_version": 1,
          "attributes": {
            "arn": "arn:aws:ec2:us-east-1:267636056084:vpc/vpc-0f031f4066610fb51",
            "assign_generated_ipv6_cidr_block": false,
            "cidr_block": "10.30.0.0/16",
            "default_network_acl_id": "acl-02d00f9e2213637df",
            "default_route_table_id": "rtb-0d0b663f78fff9318",
            "default_security_group_id": "sg-057644635beaf163d",
            "dhcp_options_id": "dopt-0c63c05c8992fe673",
            "enable_dns_hostnames": false,
            "enable_dns_support": true,
            "enable_network_address_usage_metrics": false,
            "id": "vpc-0f031f4066610fb51",
            "instance_tenancy": "default",
            "ipv4_ipam_pool_id": null,
            "ipv4_netmask_length": null,
            "ipv6_association_id": "",
            "ipv6_cidr_block": "",
            "ipv6_cidr_block_network_border_group": "",
            "ipv6_ipam_pool_id": "",
            "ipv6_netmask_length": 0,
            "main_route_table_id": "rtb-0d0b663f78fff9318",
            "owner_id": "267636056084",
            "region": "us-east-1",
            "tags": {
              "Name": "vpc-outputs"
            },
            "tags_all": {
              "Name": "vpc-outputs"
            }
          },
          "sensitive_attributes": [],
          "identity_schema_version": 0,
          "identity": {
            "account_id": "267636056084",
            "id": "vpc-0f031f4066610fb51",
            "region": "us-east-1"
          },
          "private": "eyJzY2hlbWFfdmVyc2lvbiI6IjEifQ=="
        }
      ]
    }
  ],
  "check_results": null
}
